
Microsoft Visual Studio Solution File, Format Version 12.00
# Visual Studio 15
VisualStudioVersion = 15.0.27130.2027
MinimumVisualStudioVersion = 10.0.40219.1
Project("{9A19103F-16F7-4668-BE54-9A1E7A4F7556}") = "AWSServerlessWebApi", "AWSServerless1\AWSServerlessWebApi.csproj", "{9C75A6BB-B925-4A85-8264-A65E2483F994}"
EndProject
Project("{9A19103F-16F7-4668-BE54-9A1E7A4F7556}") = "AWSServerlessWebApi.Tests", "AWSServerless1.Tests\AWSServerlessWebApi.Tests.csproj", "{D141309A-583F-400F-BB91-F34A86FF22FD}"
EndProject
Project("{2150E333-8FDC-42A3-9474-1A3956D46DE8}") = "SPA", "SPA", "{1AC2BB83-4344-4876-A182-5AB8F2C805C5}"
	ProjectSection(SolutionItems) = preProject
		RegistrationTest.html = RegistrationTest.html
	EndProjectSection
EndProject
Project("{9A19103F-16F7-4668-BE54-9A1E7A4F7556}") = "DynamoDBDataModelSample1", "DynamoDBDataModelSample1\DynamoDBDataModelSample1.csproj", "{11415A56-F561-4E91-8BCF-2719164D1398}"
EndProject
Global
	GlobalSection(SolutionConfigurationPlatforms) = preSolution
		Debug|Any CPU = Debug|Any CPU
		Release|Any CPU = Release|Any CPU
	EndGlobalSection
	GlobalSection(ProjectConfigurationPlatforms) = postSolution
		{9C75A6BB-B925-4A85-8264-A65E2483F994}.Debug|Any CPU.ActiveCfg = Debug|Any CPU
		{9C75A6BB-B925-4A85-8264-A65E2483F994}.Debug|Any CPU.Build.0 = Debug|Any CPU
		{9C75A6BB-B925-4A85-8264-A65E2483F994}.Release|Any CPU.ActiveCfg = Release|Any CPU
		{9C75A6BB-B925-4A85-8264-A65E2483F994}.Release|Any CPU.Build.0 = Release|Any CPU
		{D141309A-583F-400F-BB91-F34A86FF22FD}.Debug|Any CPU.ActiveCfg = Debug|Any CPU
		{D141309A-583F-400F-BB91-F34A86FF22FD}.Debug|Any CPU.Build.0 = Debug|Any CPU
		{D141309A-583F-400F-BB91-F34A86FF22FD}.Release|Any CPU.ActiveCfg = Release|Any CPU
		{D141309A-583F-400F-BB91-F34A86FF22FD}.Release|Any CPU.Build.0 = Release|Any CPU
		{11415A56-F561-4E91-8BCF-2719164D1398}.Debug|Any CPU.ActiveCfg = Debug|Any CPU
		{11415A56-F561-4E91-8BCF-2719164D1398}.Debug|Any CPU.Build.0 = Debug|Any CPU
		{11415A56-F561-4E91-8BCF-2719164D1398}.Release|Any CPU.ActiveCfg = Release|Any CPU
		{11415A56-F561-4E91-8BCF-2719164D1398}.Release|Any CPU.Build.0 = Release|Any CPU
	EndGlobalSection
	GlobalSection(SolutionProperties) = preSolution
		HideSolutionNode = FALSE
	EndGlobalSection
	GlobalSection(ExtensibilityGlobals) = postSolution
		SolutionGuid = {2A19A439-E748-48B9-954E-87CF4EAF3146}
	EndGlobalSection
EndGlobal
