
Microsoft Visual Studio Solution File, Format Version 12.00
# Visual Studio 15
VisualStudioVersion = 15.0.27130.2027
MinimumVisualStudioVersion = 10.0.40219.1
Project("{9A19103F-16F7-4668-BE54-9A1E7A4F7556}") = "SupplierPortalService", "SupplierPortalService\SupplierPortalService.csproj", "{5B8D6157-583B-46A8-A8FC-F7C1496650BD}"
EndProject
Project("{9A19103F-16F7-4668-BE54-9A1E7A4F7556}") = "SupplierPortalService.Tests", "SupplierPortalService.Tests\SupplierPortalService.Tests.csproj", "{90368C8D-B414-41E0-BFF3-6D185705D134}"
EndProject
Global
	GlobalSection(SolutionConfigurationPlatforms) = preSolution
		Debug|Any CPU = Debug|Any CPU
		Release|Any CPU = Release|Any CPU
	EndGlobalSection
	GlobalSection(ProjectConfigurationPlatforms) = postSolution
		{5B8D6157-583B-46A8-A8FC-F7C1496650BD}.Debug|Any CPU.ActiveCfg = Debug|Any CPU
		{5B8D6157-583B-46A8-A8FC-F7C1496650BD}.Debug|Any CPU.Build.0 = Debug|Any CPU
		{5B8D6157-583B-46A8-A8FC-F7C1496650BD}.Release|Any CPU.ActiveCfg = Release|Any CPU
		{5B8D6157-583B-46A8-A8FC-F7C1496650BD}.Release|Any CPU.Build.0 = Release|Any CPU
		{90368C8D-B414-41E0-BFF3-6D185705D134}.Debug|Any CPU.ActiveCfg = Debug|Any CPU
		{90368C8D-B414-41E0-BFF3-6D185705D134}.Debug|Any CPU.Build.0 = Debug|Any CPU
		{90368C8D-B414-41E0-BFF3-6D185705D134}.Release|Any CPU.ActiveCfg = Release|Any CPU
		{90368C8D-B414-41E0-BFF3-6D185705D134}.Release|Any CPU.Build.0 = Release|Any CPU
	EndGlobalSection
	GlobalSection(SolutionProperties) = preSolution
		HideSolutionNode = FALSE
	EndGlobalSection
	GlobalSection(ExtensibilityGlobals) = postSolution
		SolutionGuid = {ADC70D1A-0773-4EDB-BE7E-4B2AD5C86560}
	EndGlobalSection
EndGlobal
